
Microsoft Visual Studio Solution File, Format Version 12.00
# Visual Studio Version 16
VisualStudioVersion = 16.0.30104.148
MinimumVisualStudioVersion = 10.0.40219.1
Project("{FAE04EC0-301F-11D3-BF4B-00C04F79EFBC}") = "GiveBack-Hackathon.Wpf", "..\GiveBack-Hackathon.Wpf\GiveBack-Hackathon.Wpf.csproj", "{198E75D5-6D7F-4979-8FB8-BBCD6EB90F41}"
EndProject
Project("{FAE04EC0-301F-11D3-BF4B-00C04F79EFBC}") = "GiveBack-Hackathon.Lib", "..\GiveBack-Hackathon.Lib\GiveBack-Hackathon.Lib.csproj", "{2D719A43-181C-4C45-A85E-0EECACD0B65D}"
EndProject
Global
	GlobalSection(SolutionConfigurationPlatforms) = preSolution
		Debug|Any CPU = Debug|Any CPU
		Release|Any CPU = Release|Any CPU
	EndGlobalSection
	GlobalSection(ProjectConfigurationPlatforms) = postSolution
		{198E75D5-6D7F-4979-8FB8-BBCD6EB90F41}.Debug|Any CPU.ActiveCfg = Debug|Any CPU
		{198E75D5-6D7F-4979-8FB8-BBCD6EB90F41}.Debug|Any CPU.Build.0 = Debug|Any CPU
		{198E75D5-6D7F-4979-8FB8-BBCD6EB90F41}.Release|Any CPU.ActiveCfg = Release|Any CPU
		{198E75D5-6D7F-4979-8FB8-BBCD6EB90F41}.Release|Any CPU.Build.0 = Release|Any CPU
		{2D719A43-181C-4C45-A85E-0EECACD0B65D}.Debug|Any CPU.ActiveCfg = Debug|Any CPU
		{2D719A43-181C-4C45-A85E-0EECACD0B65D}.Debug|Any CPU.Build.0 = Debug|Any CPU
		{2D719A43-181C-4C45-A85E-0EECACD0B65D}.Release|Any CPU.ActiveCfg = Release|Any CPU
		{2D719A43-181C-4C45-A85E-0EECACD0B65D}.Release|Any CPU.Build.0 = Release|Any CPU
	EndGlobalSection
	GlobalSection(SolutionProperties) = preSolution
		HideSolutionNode = FALSE
	EndGlobalSection
	GlobalSection(ExtensibilityGlobals) = postSolution
		SolutionGuid = {EAA0C73D-3C33-4E9F-8428-1178124D9024}
	EndGlobalSection
EndGlobal
